
Microsoft Visual Studio Solution File, Format Version 11.00
# Visual Studio 2010
Project("{FAE04EC0-301F-11D3-BF4B-00C04F79EFBC}") = "Sem6_project", "Sem6_project\Sem6_project.csproj", "{96E4B85C-686F-45C7-A3D1-853ACADA89FF}"
EndProject
Global
	GlobalSection(SolutionConfigurationPlatforms) = preSolution
		Debug|Any CPU = Debug|Any CPU
		Release|Any CPU = Release|Any CPU
	EndGlobalSection
	GlobalSection(ProjectConfigurationPlatforms) = postSolution
		{96E4B85C-686F-45C7-A3D1-853ACADA89FF}.Debug|Any CPU.ActiveCfg = Debug|Any CPU
		{96E4B85C-686F-45C7-A3D1-853ACADA89FF}.Debug|Any CPU.Build.0 = Debug|Any CPU
		{96E4B85C-686F-45C7-A3D1-853ACADA89FF}.Release|Any CPU.ActiveCfg = Release|Any CPU
		{96E4B85C-686F-45C7-A3D1-853ACADA89FF}.Release|Any CPU.Build.0 = Release|Any CPU
	EndGlobalSection
	GlobalSection(SolutionProperties) = preSolution
		HideSolutionNode = FALSE
	EndGlobalSection
EndGlobal
